// !$*UTF8*$!
{
	archiveVersion = 1;
	classes = {
	};
	objectVersion = 46;
	objects = {

/* Begin PBXBuildFile section */
		6AC8A4B32233EA0D005520D7 /* main.cpp in Sources */ = {isa = PBXBuildFile; fileRef = 6AC8A4B22233EA0D005520D7 /* main.cpp */; };
		6AC8A4F22233F17C005520D7 /* libavcodec.a in Frameworks */ = {isa = PBXBuildFile; fileRef = 6AC8A4BA2233EB40005520D7 /* libavcodec.a */; };
		6AC8A4F32233F17C005520D7 /* libavdevice.a in Frameworks */ = {isa = PBXBuildFile; fileRef = 6AC8A4BB2233EB40005520D7 /* libavdevice.a */; };
		6AC8A4F42233F17C005520D7 /* libavfilter.a in Frameworks */ = {isa = PBXBuildFile; fileRef = 6AC8A4BC2233EB40005520D7 /* libavfilter.a */; };
		6AC8A4F52233F17C005520D7 /* libavformat.a in Frameworks */ = {isa = PBXBuildFile; fileRef = 6AC8A4BD2233EB40005520D7 /* libavformat.a */; };
		6AC8A4F62233F17C005520D7 /* libavresample.a in Frameworks */ = {isa = PBXBuildFile; fileRef = 6AC8A4BE2233EB40005520D7 /* libavresample.a */; };
		6AC8A4F72233F17C005520D7 /* libavutil.a in Frameworks */ = {isa = PBXBuildFile; fileRef = 6AC8A4BF2233EB40005520D7 /* libavutil.a */; };
		6AC8A4F82233F17C005520D7 /* libpostproc.a in Frameworks */ = {isa = PBXBuildFile; fileRef = 6AC8A4C02233EB40005520D7 /* libpostproc.a */; };
		6AC8A4F92233F17C005520D7 /* libswresample.a in Frameworks */ = {isa = PBXBuildFile; fileRef = 6AC8A4C12233EB40005520D7 /* libswresample.a */; };
		6AC8A4FA2233F17C005520D7 /* libswscale.a in Frameworks */ = {isa = PBXBuildFile; fileRef = 6AC8A4C22233EB40005520D7 /* libswscale.a */; };
/* End PBXBuildFile section */

/* Begin PBXCopyFilesBuildPhase section */
		6AC8A4AD2233EA0D005520D7 /* CopyFiles */ = {
			isa = PBXCopyFilesBuildPhase;
			buildActionMask = 2147483647;
			dstPath = /usr/share/man/man1/;
			dstSubfolderSpec = 0;
			files = (
			);
			runOnlyForDeploymentPostprocessing = 1;
		};
/* End PBXCopyFilesBuildPhase section */

/* Begin PBXFileReference section */
		6AC8A4AF2233EA0D005520D7 /* myLive */ = {isa = PBXFileReference; explicitFileType = "compiled.mach-o.executable"; includeInIndex = 0; path = myLive; sourceTree = BUILT_PRODUCTS_DIR; };
		6AC8A4B22233EA0D005520D7 /* main.cpp */ = {isa = PBXFileReference; lastKnownFileType = sourcecode.cpp.cpp; path = main.cpp; sourceTree = "<group>"; };
		6AC8A4BA2233EB40005520D7 /* libavcodec.a */ = {isa = PBXFileReference; lastKnownFileType = archive.ar; name = libavcodec.a; path = ../../../../../usr/local/Cellar/ffmpeg/3.2.2/lib/libavcodec.a; sourceTree = "<group>"; };
		6AC8A4BB2233EB40005520D7 /* libavdevice.a */ = {isa = PBXFileReference; lastKnownFileType = archive.ar; name = libavdevice.a; path = ../../../../../usr/local/Cellar/ffmpeg/3.2.2/lib/libavdevice.a; sourceTree = "<group>"; };
		6AC8A4BC2233EB40005520D7 /* libavfilter.a */ = {isa = PBXFileReference; lastKnownFileType = archive.ar; name = libavfilter.a; path = ../../../../../usr/local/Cellar/ffmpeg/3.2.2/lib/libavfilter.a; sourceTree = "<group>"; };
		6AC8A4BD2233EB40005520D7 /* libavformat.a */ = {isa = PBXFileReference; lastKnownFileType = archive.ar; name = libavformat.a; path = ../../../../../usr/local/Cellar/ffmpeg/3.2.2/lib/libavformat.a; sourceTree = "<group>"; };
		6AC8A4BE2233EB40005520D7 /* libavresample.a */ = {isa = PBXFileReference; lastKnownFileType = archive.ar; name = libavresample.a; path = ../../../../../usr/local/Cellar/ffmpeg/3.2.2/lib/libavresample.a; sourceTree = "<group>"; };
		6AC8A4BF2233EB40005520D7 /* libavutil.a */ = {isa = PBXFileReference; lastKnownFileType = archive.ar; name = libavutil.a; path = ../../../../../usr/local/Cellar/ffmpeg/3.2.2/lib/libavutil.a; sourceTree = "<group>"; };
		6AC8A4C02233EB40005520D7 /* libpostproc.a */ = {isa = PBXFileReference; lastKnownFileType = archive.ar; name = libpostproc.a; path = ../../../../../usr/local/Cellar/ffmpeg/3.2.2/lib/libpostproc.a; sourceTree = "<group>"; };
		6AC8A4C12233EB40005520D7 /* libswresample.a */ = {isa = PBXFileReference; lastKnownFileType = archive.ar; name = libswresample.a; path = ../../../../../usr/local/Cellar/ffmpeg/3.2.2/lib/libswresample.a; sourceTree = "<group>"; };
		6AC8A4C22233EB40005520D7 /* libswscale.a */ = {isa = PBXFileReference; lastKnownFileType = archive.ar; name = libswscale.a; path = ../../../../../usr/local/Cellar/ffmpeg/3.2.2/lib/libswscale.a; sourceTree = "<group>"; };
		6AC8A4FB223400B4005520D7 /* av_public.h */ = {isa = PBXFileReference; lastKnownFileType = sourcecode.c.h; path = av_public.h; sourceTree = "<group>"; };
/* End PBXFileReference section */

/* Begin PBXFrameworksBuildPhase section */
		6AC8A4AC2233EA0D005520D7 /* Frameworks */ = {
			isa = PBXFrameworksBuildPhase;
			buildActionMask = 2147483647;
			files = (
				6AC8A4F22233F17C005520D7 /* libavcodec.a in Frameworks */,
				6AC8A4F32233F17C005520D7 /* libavdevice.a in Frameworks */,
				6AC8A4F42233F17C005520D7 /* libavfilter.a in Frameworks */,
				6AC8A4F52233F17C005520D7 /* libavformat.a in Frameworks */,
				6AC8A4F62233F17C005520D7 /* libavresample.a in Frameworks */,
				6AC8A4F72233F17C005520D7 /* libavutil.a in Frameworks */,
				6AC8A4F82233F17C005520D7 /* libpostproc.a in Frameworks */,
				6AC8A4F92233F17C005520D7 /* libswresample.a in Frameworks */,
				6AC8A4FA2233F17C005520D7 /* libswscale.a in Frameworks */,
			);
			runOnlyForDeploymentPostprocessing = 0;
		};
/* End PBXFrameworksBuildPhase section */

/* Begin PBXGroup section */
		6AC8A4A62233EA0D005520D7 = {
			isa = PBXGroup;
			children = (
				6AC8A4B12233EA0D005520D7 /* myLive */,
				6AC8A4B02233EA0D005520D7 /* Products */,
				6AC8A4B92233EB40005520D7 /* Frameworks */,
			);
			sourceTree = "<group>";
		};
		6AC8A4B02233EA0D005520D7 /* Products */ = {
			isa = PBXGroup;
			children = (
				6AC8A4AF2233EA0D005520D7 /* myLive */,
			);
			name = Products;
			sourceTree = "<group>";
		};
		6AC8A4B12233EA0D005520D7 /* myLive */ = {
			isa = PBXGroup;
			children = (
				6AC8A4B22233EA0D005520D7 /* main.cpp */,
				6AC8A4FB223400B4005520D7 /* av_public.h */,
			);
			path = myLive;
			sourceTree = "<group>";
		};
		6AC8A4B92233EB40005520D7 /* Frameworks */ = {
			isa = PBXGroup;
			children = (
				6AC8A4BA2233EB40005520D7 /* libavcodec.a */,
				6AC8A4BB2233EB40005520D7 /* libavdevice.a */,
				6AC8A4BC2233EB40005520D7 /* libavfilter.a */,
				6AC8A4BD2233EB40005520D7 /* libavformat.a */,
				6AC8A4BE2233EB40005520D7 /* libavresample.a */,
				6AC8A4BF2233EB40005520D7 /* libavutil.a */,
				6AC8A4C02233EB40005520D7 /* libpostproc.a */,
				6AC8A4C12233EB40005520D7 /* libswresample.a */,
				6AC8A4C22233EB40005520D7 /* libswscale.a */,
			);
			name = Frameworks;
			sourceTree = "<group>";
		};
/* End PBXGroup section */

/* Begin PBXNativeTarget section */
		6AC8A4AE2233EA0D005520D7 /* myLive */ = {
			isa = PBXNativeTarget;
			buildConfigurationList = 6AC8A4B62233EA0D005520D7 /* Build configuration list for PBXNativeTarget "myLive" */;
			buildPhases = (
				6AC8A4AB2233EA0D005520D7 /* Sources */,
				6AC8A4AC2233EA0D005520D7 /* Frameworks */,
				6AC8A4AD2233EA0D005520D7 /* CopyFiles */,
			);
			buildRules = (
			);
			dependencies = (
			);
			name = myLive;
			productName = myLive;
			productReference = 6AC8A4AF2233EA0D005520D7 /* myLive */;
			productType = "com.apple.product-type.tool";
		};
/* End PBXNativeTarget section */

/* Begin PBXProject section */
		6AC8A4A72233EA0D005520D7 /* Project object */ = {
			isa = PBXProject;
			attributes = {
				LastUpgradeCheck = 0820;
				ORGANIZATIONNAME = yeguo;
				TargetAttributes = {
					6AC8A4AE2233EA0D005520D7 = {
						CreatedOnToolsVersion = 8.2;
						ProvisioningStyle = Automatic;
					};
				};
			};
			buildConfigurationList = 6AC8A4AA2233EA0D005520D7 /* Build configuration list for PBXProject "myLive" */;
			compatibilityVersion = "Xcode 3.2";
			developmentRegion = English;
			hasScannedForEncodings = 0;
			knownRegions = (
				en,
			);
			mainGroup = 6AC8A4A62233EA0D005520D7;
			productRefGroup = 6AC8A4B02233EA0D005520D7 /* Products */;
			projectDirPath = "";
			projectRoot = "";
			targets = (
				6AC8A4AE2233EA0D005520D7 /* myLive */,
			);
		};
/* End PBXProject section */

/* Begin PBXSourcesBuildPhase section */
		6AC8A4AB2233EA0D005520D7 /* Sources */ = {
			isa = PBXSourcesBuildPhase;
			buildActionMask = 2147483647;
			files = (
				6AC8A4B32233EA0D005520D7 /* main.cpp in Sources */,
			);
			runOnlyForDeploymentPostprocessing = 0;
		};
/* End PBXSourcesBuildPhase section */

/* Begin XCBuildConfiguration section */
		6AC8A4B42233EA0D005520D7 /* Debug */ = {
			isa = XCBuildConfiguration;
			buildSettings = {
				ALWAYS_SEARCH_USER_PATHS = NO;
				CLANG_ANALYZER_NONNULL = YES;
				CLANG_CXX_LANGUAGE_STANDARD = "gnu++0x";
				CLANG_CXX_LIBRARY = "libc++";
				CLANG_ENABLE_MODULES = YES;
				CLANG_ENABLE_OBJC_ARC = YES;
				CLANG_WARN_BOOL_CONVERSION = YES;
				CLANG_WARN_CONSTANT_CONVERSION = YES;
				CLANG_WARN_DIRECT_OBJC_ISA_USAGE = YES_ERROR;
				CLANG_WARN_DOCUMENTATION_COMMENTS = YES;
				CLANG_WARN_EMPTY_BODY = YES;
				CLANG_WARN_ENUM_CONVERSION = YES;
				CLANG_WARN_INFINITE_RECURSION = YES;
				CLANG_WARN_INT_CONVERSION = YES;
				CLANG_WARN_OBJC_ROOT_CLASS = YES_ERROR;
				CLANG_WARN_SUSPICIOUS_MOVE = YES;
				CLANG_WARN_UNREACHABLE_CODE = YES;
				CLANG_WARN__DUPLICATE_METHOD_MATCH = YES;
				CODE_SIGN_IDENTITY = "-";
				COPY_PHASE_STRIP = NO;
				DEBUG_INFORMATION_FORMAT = dwarf;
				ENABLE_STRICT_OBJC_MSGSEND = YES;
				ENABLE_TESTABILITY = YES;
				GCC_C_LANGUAGE_STANDARD = gnu99;
				GCC_DYNAMIC_NO_PIC = NO;
				GCC_NO_COMMON_BLOCKS = YES;
				GCC_OPTIMIZATION_LEVEL = 0;
				GCC_PREPROCESSOR_DEFINITIONS = (
					"DEBUG=1",
					"$(inherited)",
				);
				GCC_WARN_64_TO_32_BIT_CONVERSION = YES;
				GCC_WARN_ABOUT_RETURN_TYPE = YES_ERROR;
				GCC_WARN_UNDECLARED_SELECTOR = YES;
				GCC_WARN_UNINITIALIZED_AUTOS = YES_AGGRESSIVE;
				GCC_WARN_UNUSED_FUNCTION = YES;
				GCC_WARN_UNUSED_VARIABLE = YES;
				MACOSX_DEPLOYMENT_TARGET = 10.12;
				MTL_ENABLE_DEBUG_INFO = YES;
				ONLY_ACTIVE_ARCH = YES;
				SDKROOT = macosx;
			};
			name = Debug;
		};
		6AC8A4B52233EA0D005520D7 /* Release */ = {
			isa = XCBuildConfiguration;
			buildSettings = {
				ALWAYS_SEARCH_USER_PATHS = NO;
				CLANG_ANALYZER_NONNULL = YES;
				CLANG_CXX_LANGUAGE_STANDARD = "gnu++0x";
				CLANG_CXX_LIBRARY = "libc++";
				CLANG_ENABLE_MODULES = YES;
				CLANG_ENABLE_OBJC_ARC = YES;
				CLANG_WARN_BOOL_CONVERSION = YES;
				CLANG_WARN_CONSTANT_CONVERSION = YES;
				CLANG_WARN_DIRECT_OBJC_ISA_USAGE = YES_ERROR;
				CLANG_WARN_DOCUMENTATION_COMMENTS = YES;
				CLANG_WARN_EMPTY_BODY = YES;
				CLANG_WARN_ENUM_CONVERSION = YES;
				CLANG_WARN_INFINITE_RECURSION = YES;
				CLANG_WARN_INT_CONVERSION = YES;
				CLANG_WARN_OBJC_ROOT_CLASS = YES_ERROR;
				CLANG_WARN_SUSPICIOUS_MOVE = YES;
				CLANG_WARN_UNREACHABLE_CODE = YES;
				CLANG_WARN__DUPLICATE_METHOD_MATCH = YES;
				CODE_SIGN_IDENTITY = "-";
				COPY_PHASE_STRIP = NO;
				DEBUG_INFORMATION_FORMAT = "dwarf-with-dsym";
				ENABLE_NS_ASSERTIONS = NO;
				ENABLE_STRICT_OBJC_MSGSEND = YES;
				GCC_C_LANGUAGE_STANDARD = gnu99;
				GCC_NO_COMMON_BLOCKS = YES;
				GCC_WARN_64_TO_32_BIT_CONVERSION = YES;
				GCC_WARN_ABOUT_RETURN_TYPE = YES_ERROR;
				GCC_WARN_UNDECLARED_SELECTOR = YES;
				GCC_WARN_UNINITIALIZED_AUTOS = YES_AGGRESSIVE;
				GCC_WARN_UNUSED_FUNCTION = YES;
				GCC_WARN_UNUSED_VARIABLE = YES;
				MACOSX_DEPLOYMENT_TARGET = 10.12;
				MTL_ENABLE_DEBUG_INFO = NO;
				SDKROOT = macosx;
			};
			name = Release;
		};
		6AC8A4B72233EA0D005520D7 /* Debug */ = {
			isa = XCBuildConfiguration;
			buildSettings = {
				ALWAYS_SEARCH_USER_PATHS = YES;
				HEADER_SEARCH_PATHS = /usr/local/Cellar/ffmpeg/3.2.2/include;
				LIBRARY_SEARCH_PATHS = (
					"$(inherited)",
					/usr/local/Cellar/ffmpeg/3.2.2/lib,
				);
				PRODUCT_NAME = "$(TARGET_NAME)";
			};
			name = Debug;
		};
		6AC8A4B82233EA0D005520D7 /* Release */ = {
			isa = XCBuildConfiguration;
			buildSettings = {
				ALWAYS_SEARCH_USER_PATHS = YES;
				HEADER_SEARCH_PATHS = /usr/local/Cellar/ffmpeg/3.2.2/include;
				LIBRARY_SEARCH_PATHS = (
					"$(inherited)",
					/usr/local/Cellar/ffmpeg/3.2.2/lib,
				);
				PRODUCT_NAME = "$(TARGET_NAME)";
			};
			name = Release;
		};
/* End XCBuildConfiguration section */

/* Begin XCConfigurationList section */
		6AC8A4AA2233EA0D005520D7 /* Build configuration list for PBXProject "myLive" */ = {
			isa = XCConfigurationList;
			buildConfigurations = (
				6AC8A4B42233EA0D005520D7 /* Debug */,
				6AC8A4B52233EA0D005520D7 /* Release */,
			);
			defaultConfigurationIsVisible = 0;
			defaultConfigurationName = Release;
		};
		6AC8A4B62233EA0D005520D7 /* Build configuration list for PBXNativeTarget "myLive" */ = {
			isa = XCConfigurationList;
			buildConfigurations = (
				6AC8A4B72233EA0D005520D7 /* Debug */,
				6AC8A4B82233EA0D005520D7 /* Release */,
			);
			defaultConfigurationIsVisible = 0;
			defaultConfigurationName = Release;
		};
/* End XCConfigurationList section */
	};
	rootObject = 6AC8A4A72233EA0D005520D7 /* Project object */;
}
